
Microsoft Visual Studio Solution File, Format Version 12.00
# Visual Studio Version 16
VisualStudioVersion = 16.0.29609.76
MinimumVisualStudioVersion = 10.0.40219.1
Project("{FAE04EC0-301F-11D3-BF4B-00C04F79EFBC}") = "capa presentacion", "TiendaDAM\capa presentacion.csproj", "{755540AE-CF99-4219-BF42-460A14301C18}"
EndProject
Project("{9A19103F-16F7-4668-BE54-9A1E7A4F7556}") = "API_Tienda", "API_Tienda\API_Tienda.csproj", "{A2F0CBC2-8BC6-4892-ABC7-C3A87B77CC96}"
EndProject
Project("{FAE04EC0-301F-11D3-BF4B-00C04F79EFBC}") = "capa datos", "capa datos\capa datos.csproj", "{BEA59009-142B-4F75-9F3C-19FB5698BE03}"
EndProject
Project("{FAE04EC0-301F-11D3-BF4B-00C04F79EFBC}") = "capa entidades", "capa entidades\capa entidades.csproj", "{3CBC22C5-D33E-4B1D-9014-2632C6AF7CBD}"
EndProject
Project("{FAE04EC0-301F-11D3-BF4B-00C04F79EFBC}") = "capa negocio", "capa negocio\capa negocio.csproj", "{307CBBA7-03E4-4F6D-85B8-DABE0A2324F7}"
EndProject
Global
	GlobalSection(SolutionConfigurationPlatforms) = preSolution
		Debug|Any CPU = Debug|Any CPU
		Release|Any CPU = Release|Any CPU
	EndGlobalSection
	GlobalSection(ProjectConfigurationPlatforms) = postSolution
		{755540AE-CF99-4219-BF42-460A14301C18}.Debug|Any CPU.ActiveCfg = Debug|Any CPU
		{755540AE-CF99-4219-BF42-460A14301C18}.Debug|Any CPU.Build.0 = Debug|Any CPU
		{755540AE-CF99-4219-BF42-460A14301C18}.Release|Any CPU.ActiveCfg = Release|Any CPU
		{755540AE-CF99-4219-BF42-460A14301C18}.Release|Any CPU.Build.0 = Release|Any CPU
		{A2F0CBC2-8BC6-4892-ABC7-C3A87B77CC96}.Debug|Any CPU.ActiveCfg = Debug|Any CPU
		{A2F0CBC2-8BC6-4892-ABC7-C3A87B77CC96}.Debug|Any CPU.Build.0 = Debug|Any CPU
		{A2F0CBC2-8BC6-4892-ABC7-C3A87B77CC96}.Release|Any CPU.ActiveCfg = Release|Any CPU
		{A2F0CBC2-8BC6-4892-ABC7-C3A87B77CC96}.Release|Any CPU.Build.0 = Release|Any CPU
		{BEA59009-142B-4F75-9F3C-19FB5698BE03}.Debug|Any CPU.ActiveCfg = Debug|Any CPU
		{BEA59009-142B-4F75-9F3C-19FB5698BE03}.Debug|Any CPU.Build.0 = Debug|Any CPU
		{BEA59009-142B-4F75-9F3C-19FB5698BE03}.Release|Any CPU.ActiveCfg = Release|Any CPU
		{BEA59009-142B-4F75-9F3C-19FB5698BE03}.Release|Any CPU.Build.0 = Release|Any CPU
		{3CBC22C5-D33E-4B1D-9014-2632C6AF7CBD}.Debug|Any CPU.ActiveCfg = Debug|Any CPU
		{3CBC22C5-D33E-4B1D-9014-2632C6AF7CBD}.Debug|Any CPU.Build.0 = Debug|Any CPU
		{3CBC22C5-D33E-4B1D-9014-2632C6AF7CBD}.Release|Any CPU.ActiveCfg = Release|Any CPU
		{3CBC22C5-D33E-4B1D-9014-2632C6AF7CBD}.Release|Any CPU.Build.0 = Release|Any CPU
		{307CBBA7-03E4-4F6D-85B8-DABE0A2324F7}.Debug|Any CPU.ActiveCfg = Debug|Any CPU
		{307CBBA7-03E4-4F6D-85B8-DABE0A2324F7}.Debug|Any CPU.Build.0 = Debug|Any CPU
		{307CBBA7-03E4-4F6D-85B8-DABE0A2324F7}.Release|Any CPU.ActiveCfg = Release|Any CPU
		{307CBBA7-03E4-4F6D-85B8-DABE0A2324F7}.Release|Any CPU.Build.0 = Release|Any CPU
	EndGlobalSection
	GlobalSection(SolutionProperties) = preSolution
		HideSolutionNode = FALSE
	EndGlobalSection
	GlobalSection(ExtensibilityGlobals) = postSolution
		SolutionGuid = {15D1E6D9-9F10-4B4F-B8E4-7B2BFE30A88D}
	EndGlobalSection
EndGlobal
